
Microsoft Visual Studio Solution File, Format Version 12.00
# Visual Studio 15
VisualStudioVersion = 15.0.28010.2003
MinimumVisualStudioVersion = 10.0.40219.1
Project("{FAE04EC0-301F-11D3-BF4B-00C04F79EFBC}") = "AspNetIdentityTutorial", "AspNetIdentityTutorial\AspNetIdentityTutorial.csproj", "{CB9845FE-F26C-4ABF-88F2-28C0C95436AD}"
EndProject
Global
	GlobalSection(SolutionConfigurationPlatforms) = preSolution
		Debug|Any CPU = Debug|Any CPU
		Release|Any CPU = Release|Any CPU
	EndGlobalSection
	GlobalSection(ProjectConfigurationPlatforms) = postSolution
		{CB9845FE-F26C-4ABF-88F2-28C0C95436AD}.Debug|Any CPU.ActiveCfg = Debug|Any CPU
		{CB9845FE-F26C-4ABF-88F2-28C0C95436AD}.Debug|Any CPU.Build.0 = Debug|Any CPU
		{CB9845FE-F26C-4ABF-88F2-28C0C95436AD}.Release|Any CPU.ActiveCfg = Release|Any CPU
		{CB9845FE-F26C-4ABF-88F2-28C0C95436AD}.Release|Any CPU.Build.0 = Release|Any CPU
	EndGlobalSection
	GlobalSection(SolutionProperties) = preSolution
		HideSolutionNode = FALSE
	EndGlobalSection
	GlobalSection(ExtensibilityGlobals) = postSolution
		SolutionGuid = {F2C5CEA5-A575-4184-87B9-5F9ADD62B762}
	EndGlobalSection
EndGlobal
